
Microsoft Visual Studio Solution File, Format Version 12.00
# Visual Studio Version 17
VisualStudioVersion = 17.9.34701.34
MinimumVisualStudioVersion = 10.0.40219.1
Project("{FAE04EC0-301F-11D3-BF4B-00C04F79EFBC}") = "Entities", "Entities\Entities.csproj", "{CFFD18D7-AD2F-4F35-96CF-64431738D380}"
EndProject
Project("{FAE04EC0-301F-11D3-BF4B-00C04F79EFBC}") = "Types", "Types\Types.csproj", "{8ED63EEC-A4C7-44D4-9F3D-5AEE947AF422}"
EndProject
Project("{FAE04EC0-301F-11D3-BF4B-00C04F79EFBC}") = "UnitTests", "UnitTests\UnitTests.csproj", "{5C1448F2-69F8-4E0A-AC2D-99A2375143F6}"
EndProject
Project("{FAE04EC0-301F-11D3-BF4B-00C04F79EFBC}") = "Data", "Data\Data.csproj", "{8C91B90E-40A5-4626-ACF9-6F4630B8BAD8}"
EndProject
Project("{FAE04EC0-301F-11D3-BF4B-00C04F79EFBC}") = "BusinessLogic", "BusinessLogic\BusinessLogic.csproj", "{B527539E-3DEC-49DA-8E5C-6F310E6EBF9A}"
EndProject
Project("{FAE04EC0-301F-11D3-BF4B-00C04F79EFBC}") = "IntegrationTests", "IntegrationTests\IntegrationTests.csproj", "{569725D0-6671-4F57-95A9-76BD0A07D330}"
EndProject
Project("{2150E333-8FDC-42A3-9474-1A3956D46DE8}") = "Tests", "Tests", "{2F7F4D93-A64D-4146-9822-2FC9F9214AA6}"
EndProject
Global
	GlobalSection(SolutionConfigurationPlatforms) = preSolution
		Debug|Any CPU = Debug|Any CPU
		Release|Any CPU = Release|Any CPU
	EndGlobalSection
	GlobalSection(ProjectConfigurationPlatforms) = postSolution
		{CFFD18D7-AD2F-4F35-96CF-64431738D380}.Debug|Any CPU.ActiveCfg = Debug|Any CPU
		{CFFD18D7-AD2F-4F35-96CF-64431738D380}.Debug|Any CPU.Build.0 = Debug|Any CPU
		{CFFD18D7-AD2F-4F35-96CF-64431738D380}.Release|Any CPU.ActiveCfg = Release|Any CPU
		{CFFD18D7-AD2F-4F35-96CF-64431738D380}.Release|Any CPU.Build.0 = Release|Any CPU
		{8ED63EEC-A4C7-44D4-9F3D-5AEE947AF422}.Debug|Any CPU.ActiveCfg = Debug|Any CPU
		{8ED63EEC-A4C7-44D4-9F3D-5AEE947AF422}.Debug|Any CPU.Build.0 = Debug|Any CPU
		{8ED63EEC-A4C7-44D4-9F3D-5AEE947AF422}.Release|Any CPU.ActiveCfg = Release|Any CPU
		{8ED63EEC-A4C7-44D4-9F3D-5AEE947AF422}.Release|Any CPU.Build.0 = Release|Any CPU
		{5C1448F2-69F8-4E0A-AC2D-99A2375143F6}.Debug|Any CPU.ActiveCfg = Debug|Any CPU
		{5C1448F2-69F8-4E0A-AC2D-99A2375143F6}.Debug|Any CPU.Build.0 = Debug|Any CPU
		{5C1448F2-69F8-4E0A-AC2D-99A2375143F6}.Release|Any CPU.ActiveCfg = Release|Any CPU
		{5C1448F2-69F8-4E0A-AC2D-99A2375143F6}.Release|Any CPU.Build.0 = Release|Any CPU
		{8C91B90E-40A5-4626-ACF9-6F4630B8BAD8}.Debug|Any CPU.ActiveCfg = Debug|Any CPU
		{8C91B90E-40A5-4626-ACF9-6F4630B8BAD8}.Debug|Any CPU.Build.0 = Debug|Any CPU
		{8C91B90E-40A5-4626-ACF9-6F4630B8BAD8}.Release|Any CPU.ActiveCfg = Release|Any CPU
		{8C91B90E-40A5-4626-ACF9-6F4630B8BAD8}.Release|Any CPU.Build.0 = Release|Any CPU
		{B527539E-3DEC-49DA-8E5C-6F310E6EBF9A}.Debug|Any CPU.ActiveCfg = Debug|Any CPU
		{B527539E-3DEC-49DA-8E5C-6F310E6EBF9A}.Debug|Any CPU.Build.0 = Debug|Any CPU
		{B527539E-3DEC-49DA-8E5C-6F310E6EBF9A}.Release|Any CPU.ActiveCfg = Release|Any CPU
		{B527539E-3DEC-49DA-8E5C-6F310E6EBF9A}.Release|Any CPU.Build.0 = Release|Any CPU
		{569725D0-6671-4F57-95A9-76BD0A07D330}.Debug|Any CPU.ActiveCfg = Debug|Any CPU
		{569725D0-6671-4F57-95A9-76BD0A07D330}.Debug|Any CPU.Build.0 = Debug|Any CPU
		{569725D0-6671-4F57-95A9-76BD0A07D330}.Release|Any CPU.ActiveCfg = Release|Any CPU
		{569725D0-6671-4F57-95A9-76BD0A07D330}.Release|Any CPU.Build.0 = Release|Any CPU
	EndGlobalSection
	GlobalSection(SolutionProperties) = preSolution
		HideSolutionNode = FALSE
	EndGlobalSection
	GlobalSection(NestedProjects) = preSolution
		{5C1448F2-69F8-4E0A-AC2D-99A2375143F6} = {2F7F4D93-A64D-4146-9822-2FC9F9214AA6}
		{569725D0-6671-4F57-95A9-76BD0A07D330} = {2F7F4D93-A64D-4146-9822-2FC9F9214AA6}
	EndGlobalSection
	GlobalSection(ExtensibilityGlobals) = postSolution
		SolutionGuid = {C658E572-026F-4148-9658-61C6CD550344}
	EndGlobalSection
EndGlobal
